Microsoft Visual Studio Solution File, Format Version 12.00
# Visual Studio 15
VisualStudioVersion = 15.0.27428.2015
MinimumVisualStudioVersion = 10.0.40219.1
Project("{8BC9CEB8-8B4A-11D0-8D11-00A0C91BC942}") = "kml", "kml\kml.vcxproj", "{5B92F3BD-B4A5-470C-AB25-BB48A7D3C681}"
	ProjectSection(ProjectDependencies) = postProject
		{3DE92870-D4BE-333B-B3A8-BAFC231CCEB6} = {3DE92870-D4BE-333B-B3A8-BAFC231CCEB6}
	EndProjectSection
EndProject
Project("{8BC9CEB8-8B4A-11D0-8D11-00A0C91BC942}") = "kil", "kil\kil.vcxproj", "{1B3AA2C5-8A85-4D44-9CF8-FACE3D5522E7}"
EndProject
Project("{8BC9CEB8-8B4A-11D0-8D11-00A0C91BC942}") = "draco", "..\..\..\externals\draco\build\draco.vcxproj", "{3DE92870-D4BE-333B-B3A8-BAFC231CCEB6}"
EndProject
Project("{8BC9CEB8-8B4A-11D0-8D11-00A0C91BC942}") = "glTFExporter", "glTFExporter\glTFExporter.vcxproj", "{63199356-49FB-4A6E-9D73-0F0799171AA4}"
EndProject
Global
	GlobalSection(SolutionConfigurationPlatforms) = preSolution
		Debug|x64 = Debug|x64
		Debug|x86 = Debug|x86
		Debug2017|x64 = Debug2017|x64
		Debug2017|x86 = Debug2017|x86
		Debug2018|x64 = Debug2018|x64
		Debug2018|x86 = Debug2018|x86
		MinSizeRel|x64 = MinSizeRel|x64
		MinSizeRel|x86 = MinSizeRel|x86
		Release|x64 = Release|x64
		Release|x86 = Release|x86
		Release2017|x64 = Release2017|x64
		Release2017|x86 = Release2017|x86
		Release2018|x64 = Release2018|x64
		Release2018|x86 = Release2018|x86
		ReleaseDebug|x64 = ReleaseDebug|x64
		ReleaseDebug|x86 = ReleaseDebug|x86
		RelWithDebInfo|x64 = RelWithDebInfo|x64
		RelWithDebInfo|x86 = RelWithDebInfo|x86
	EndGlobalSection
	GlobalSection(ProjectConfigurationPlatforms) = postSolution
		{5B92F3BD-B4A5-470C-AB25-BB48A7D3C681}.Debug|x64.ActiveCfg = Debug|x64
		{5B92F3BD-B4A5-470C-AB25-BB48A7D3C681}.Debug|x64.Build.0 = Debug|x64
		{5B92F3BD-B4A5-470C-AB25-BB48A7D3C681}.Debug|x86.ActiveCfg = Debug|Win32
		{5B92F3BD-B4A5-470C-AB25-BB48A7D3C681}.Debug|x86.Build.0 = Debug|Win32
		{5B92F3BD-B4A5-470C-AB25-BB48A7D3C681}.Debug2017|x64.ActiveCfg = Debug|x64
		{5B92F3BD-B4A5-470C-AB25-BB48A7D3C681}.Debug2017|x64.Build.0 = Debug|x64
		{5B92F3BD-B4A5-470C-AB25-BB48A7D3C681}.Debug2017|x86.ActiveCfg = Debug|Win32
		{5B92F3BD-B4A5-470C-AB25-BB48A7D3C681}.Debug2017|x86.Build.0 = Debug|Win32
		{5B92F3BD-B4A5-470C-AB25-BB48A7D3C681}.Debug2018|x64.ActiveCfg = Debug|x64
		{5B92F3BD-B4A5-470C-AB25-BB48A7D3C681}.Debug2018|x64.Build.0 = Debug|x64
		{5B92F3BD-B4A5-470C-AB25-BB48A7D3C681}.Debug2018|x86.ActiveCfg = Debug|Win32
		{5B92F3BD-B4A5-470C-AB25-BB48A7D3C681}.Debug2018|x86.Build.0 = Debug|Win32
		{5B92F3BD-B4A5-470C-AB25-BB48A7D3C681}.MinSizeRel|x64.ActiveCfg = Release|x64
		{5B92F3BD-B4A5-470C-AB25-BB48A7D3C681}.MinSizeRel|x64.Build.0 = Release|x64
		{5B92F3BD-B4A5-470C-AB25-BB48A7D3C681}.MinSizeRel|x86.ActiveCfg = Release|Win32
		{5B92F3BD-B4A5-470C-AB25-BB48A7D3C681}.MinSizeRel|x86.Build.0 = Release|Win32
		{5B92F3BD-B4A5-470C-AB25-BB48A7D3C681}.Release|x64.ActiveCfg = Release|x64
		{5B92F3BD-B4A5-470C-AB25-BB48A7D3C681}.Release|x64.Build.0 = Release|x64
		{5B92F3BD-B4A5-470C-AB25-BB48A7D3C681}.Release|x86.ActiveCfg = Release|Win32
		{5B92F3BD-B4A5-470C-AB25-BB48A7D3C681}.Release|x86.Build.0 = Release|Win32
		{5B92F3BD-B4A5-470C-AB25-BB48A7D3C681}.Release2017|x64.ActiveCfg = Release|x64
		{5B92F3BD-B4A5-470C-AB25-BB48A7D3C681}.Release2017|x64.Build.0 = Release|x64
		{5B92F3BD-B4A5-470C-AB25-BB48A7D3C681}.Release2017|x86.ActiveCfg = Release|Win32
		{5B92F3BD-B4A5-470C-AB25-BB48A7D3C681}.Release2017|x86.Build.0 = Release|Win32
		{5B92F3BD-B4A5-470C-AB25-BB48A7D3C681}.Release2018|x64.ActiveCfg = Release|x64
		{5B92F3BD-B4A5-470C-AB25-BB48A7D3C681}.Release2018|x64.Build.0 = Release|x64
		{5B92F3BD-B4A5-470C-AB25-BB48A7D3C681}.Release2018|x86.ActiveCfg = Release|Win32
		{5B92F3BD-B4A5-470C-AB25-BB48A7D3C681}.Release2018|x86.Build.0 = Release|Win32
		{5B92F3BD-B4A5-470C-AB25-BB48A7D3C681}.ReleaseDebug|x64.ActiveCfg = Release|x64
		{5B92F3BD-B4A5-470C-AB25-BB48A7D3C681}.ReleaseDebug|x64.Build.0 = Release|x64
		{5B92F3BD-B4A5-470C-AB25-BB48A7D3C681}.ReleaseDebug|x86.ActiveCfg = Release|Win32
		{5B92F3BD-B4A5-470C-AB25-BB48A7D3C681}.ReleaseDebug|x86.Build.0 = Release|Win32
		{5B92F3BD-B4A5-470C-AB25-BB48A7D3C681}.RelWithDebInfo|x64.ActiveCfg = Release|x64
		{5B92F3BD-B4A5-470C-AB25-BB48A7D3C681}.RelWithDebInfo|x64.Build.0 = Release|x64
		{5B92F3BD-B4A5-470C-AB25-BB48A7D3C681}.RelWithDebInfo|x86.ActiveCfg = Release|Win32
		{5B92F3BD-B4A5-470C-AB25-BB48A7D3C681}.RelWithDebInfo|x86.Build.0 = Release|Win32
		{1B3AA2C5-8A85-4D44-9CF8-FACE3D5522E7}.Debug|x64.ActiveCfg = Debug|x64
		{1B3AA2C5-8A85-4D44-9CF8-FACE3D5522E7}.Debug|x64.Build.0 = Debug|x64
		{1B3AA2C5-8A85-4D44-9CF8-FACE3D5522E7}.Debug|x86.ActiveCfg = Debug|Win32
		{1B3AA2C5-8A85-4D44-9CF8-FACE3D5522E7}.Debug|x86.Build.0 = Debug|Win32
		{1B3AA2C5-8A85-4D44-9CF8-FACE3D5522E7}.Debug2017|x64.ActiveCfg = Debug|x64
		{1B3AA2C5-8A85-4D44-9CF8-FACE3D5522E7}.Debug2017|x64.Build.0 = Debug|x64
		{1B3AA2C5-8A85-4D44-9CF8-FACE3D5522E7}.Debug2017|x86.ActiveCfg = Debug|Win32
		{1B3AA2C5-8A85-4D44-9CF8-FACE3D5522E7}.Debug2017|x86.Build.0 = Debug|Win32
		{1B3AA2C5-8A85-4D44-9CF8-FACE3D5522E7}.Debug2018|x64.ActiveCfg = Debug|x64
		{1B3AA2C5-8A85-4D44-9CF8-FACE3D5522E7}.Debug2018|x64.Build.0 = Debug|x64
		{1B3AA2C5-8A85-4D44-9CF8-FACE3D5522E7}.Debug2018|x86.ActiveCfg = Debug|Win32
		{1B3AA2C5-8A85-4D44-9CF8-FACE3D5522E7}.Debug2018|x86.Build.0 = Debug|Win32
		{1B3AA2C5-8A85-4D44-9CF8-FACE3D5522E7}.MinSizeRel|x64.ActiveCfg = Release|x64
		{1B3AA2C5-8A85-4D44-9CF8-FACE3D5522E7}.MinSizeRel|x64.Build.0 = Release|x64
		{1B3AA2C5-8A85-4D44-9CF8-FACE3D5522E7}.MinSizeRel|x86.ActiveCfg = Release|Win32
		{1B3AA2C5-8A85-4D44-9CF8-FACE3D5522E7}.MinSizeRel|x86.Build.0 = Release|Win32
		{1B3AA2C5-8A85-4D44-9CF8-FACE3D5522E7}.Release|x64.ActiveCfg = Release|x64
		{1B3AA2C5-8A85-4D44-9CF8-FACE3D5522E7}.Release|x64.Build.0 = Release|x64
		{1B3AA2C5-8A85-4D44-9CF8-FACE3D5522E7}.Release|x86.ActiveCfg = Release|Win32
		{1B3AA2C5-8A85-4D44-9CF8-FACE3D5522E7}.Release|x86.Build.0 = Release|Win32
		{1B3AA2C5-8A85-4D44-9CF8-FACE3D5522E7}.Release2017|x64.ActiveCfg = Release|x64
		{1B3AA2C5-8A85-4D44-9CF8-FACE3D5522E7}.Release2017|x64.Build.0 = Release|x64
		{1B3AA2C5-8A85-4D44-9CF8-FACE3D5522E7}.Release2017|x86.ActiveCfg = Release|Win32
		{1B3AA2C5-8A85-4D44-9CF8-FACE3D5522E7}.Release2017|x86.Build.0 = Release|Win32
		{1B3AA2C5-8A85-4D44-9CF8-FACE3D5522E7}.Release2018|x64.ActiveCfg = Release|x64
		{1B3AA2C5-8A85-4D44-9CF8-FACE3D5522E7}.Release2018|x64.Build.0 = Release|x64
		{1B3AA2C5-8A85-4D44-9CF8-FACE3D5522E7}.Release2018|x86.ActiveCfg = Release|Win32
		{1B3AA2C5-8A85-4D44-9CF8-FACE3D5522E7}.Release2018|x86.Build.0 = Release|Win32
		{1B3AA2C5-8A85-4D44-9CF8-FACE3D5522E7}.ReleaseDebug|x64.ActiveCfg = Release|x64
		{1B3AA2C5-8A85-4D44-9CF8-FACE3D5522E7}.ReleaseDebug|x64.Build.0 = Release|x64
		{1B3AA2C5-8A85-4D44-9CF8-FACE3D5522E7}.ReleaseDebug|x86.ActiveCfg = Release|Win32
		{1B3AA2C5-8A85-4D44-9CF8-FACE3D5522E7}.ReleaseDebug|x86.Build.0 = Release|Win32
		{1B3AA2C5-8A85-4D44-9CF8-FACE3D5522E7}.RelWithDebInfo|x64.ActiveCfg = Release|x64
		{1B3AA2C5-8A85-4D44-9CF8-FACE3D5522E7}.RelWithDebInfo|x64.Build.0 = Release|x64
		{1B3AA2C5-8A85-4D44-9CF8-FACE3D5522E7}.RelWithDebInfo|x86.ActiveCfg = Release|Win32
		{1B3AA2C5-8A85-4D44-9CF8-FACE3D5522E7}.RelWithDebInfo|x86.Build.0 = Release|Win32
		{3DE92870-D4BE-333B-B3A8-BAFC231CCEB6}.Debug|x64.ActiveCfg = Debug|x64
		{3DE92870-D4BE-333B-B3A8-BAFC231CCEB6}.Debug|x64.Build.0 = Debug|x64
		{3DE92870-D4BE-333B-B3A8-BAFC231CCEB6}.Debug|x86.ActiveCfg = Debug|x64
		{3DE92870-D4BE-333B-B3A8-BAFC231CCEB6}.Debug2017|x64.ActiveCfg = Debug|x64
		{3DE92870-D4BE-333B-B3A8-BAFC231CCEB6}.Debug2017|x64.Build.0 = Debug|x64
		{3DE92870-D4BE-333B-B3A8-BAFC231CCEB6}.Debug2017|x86.ActiveCfg = Debug|x64
		{3DE92870-D4BE-333B-B3A8-BAFC231CCEB6}.Debug2018|x64.ActiveCfg = Debug|x64
		{3DE92870-D4BE-333B-B3A8-BAFC231CCEB6}.Debug2018|x64.Build.0 = Debug|x64
		{3DE92870-D4BE-333B-B3A8-BAFC231CCEB6}.Debug2018|x86.ActiveCfg = Debug|x64
		{3DE92870-D4BE-333B-B3A8-BAFC231CCEB6}.MinSizeRel|x64.ActiveCfg = MinSizeRel|x64
		{3DE92870-D4BE-333B-B3A8-BAFC231CCEB6}.MinSizeRel|x64.Build.0 = MinSizeRel|x64
		{3DE92870-D4BE-333B-B3A8-BAFC231CCEB6}.MinSizeRel|x86.ActiveCfg = MinSizeRel|x64
		{3DE92870-D4BE-333B-B3A8-BAFC231CCEB6}.Release|x64.ActiveCfg = Release|x64
		{3DE92870-D4BE-333B-B3A8-BAFC231CCEB6}.Release|x64.Build.0 = Release|x64
		{3DE92870-D4BE-333B-B3A8-BAFC231CCEB6}.Release|x86.ActiveCfg = Release|x64
		{3DE92870-D4BE-333B-B3A8-BAFC231CCEB6}.Release2017|x64.ActiveCfg = Release|x64
		{3DE92870-D4BE-333B-B3A8-BAFC231CCEB6}.Release2017|x64.Build.0 = Release|x64
		{3DE92870-D4BE-333B-B3A8-BAFC231CCEB6}.Release2017|x86.ActiveCfg = Release|x64
		{3DE92870-D4BE-333B-B3A8-BAFC231CCEB6}.Release2018|x64.ActiveCfg = Release|x64
		{3DE92870-D4BE-333B-B3A8-BAFC231CCEB6}.Release2018|x64.Build.0 = Release|x64
		{3DE92870-D4BE-333B-B3A8-BAFC231CCEB6}.Release2018|x86.ActiveCfg = Release|x64
		{3DE92870-D4BE-333B-B3A8-BAFC231CCEB6}.ReleaseDebug|x64.ActiveCfg = Release|x64
		{3DE92870-D4BE-333B-B3A8-BAFC231CCEB6}.ReleaseDebug|x64.Build.0 = Release|x64
		{3DE92870-D4BE-333B-B3A8-BAFC231CCEB6}.ReleaseDebug|x86.ActiveCfg = MinSizeRel|x64
		{3DE92870-D4BE-333B-B3A8-BAFC231CCEB6}.ReleaseDebug|x86.Build.0 = MinSizeRel|x64
		{3DE92870-D4BE-333B-B3A8-BAFC231CCEB6}.RelWithDebInfo|x64.ActiveCfg = RelWithDebInfo|x64
		{3DE92870-D4BE-333B-B3A8-BAFC231CCEB6}.RelWithDebInfo|x64.Build.0 = RelWithDebInfo|x64
		{3DE92870-D4BE-333B-B3A8-BAFC231CCEB6}.RelWithDebInfo|x86.ActiveCfg = RelWithDebInfo|x64
		{63199356-49FB-4A6E-9D73-0F0799171AA4}.Debug|x64.ActiveCfg = Debug|x64
		{63199356-49FB-4A6E-9D73-0F0799171AA4}.Debug|x64.Build.0 = Debug|x64
		{63199356-49FB-4A6E-9D73-0F0799171AA4}.Debug|x86.ActiveCfg = Debug|Win32
		{63199356-49FB-4A6E-9D73-0F0799171AA4}.Debug|x86.Build.0 = Debug|Win32
		{63199356-49FB-4A6E-9D73-0F0799171AA4}.Debug2017|x64.ActiveCfg = Debug2017|x64
		{63199356-49FB-4A6E-9D73-0F0799171AA4}.Debug2017|x64.Build.0 = Debug2017|x64
		{63199356-49FB-4A6E-9D73-0F0799171AA4}.Debug2017|x86.ActiveCfg = Debug|Win32
		{63199356-49FB-4A6E-9D73-0F0799171AA4}.Debug2017|x86.Build.0 = Debug|Win32
		{63199356-49FB-4A6E-9D73-0F0799171AA4}.Debug2018|x64.ActiveCfg = Debug2018|x64
		{63199356-49FB-4A6E-9D73-0F0799171AA4}.Debug2018|x64.Build.0 = Debug2018|x64
		{63199356-49FB-4A6E-9D73-0F0799171AA4}.Debug2018|x86.ActiveCfg = Debug|Win32
		{63199356-49FB-4A6E-9D73-0F0799171AA4}.Debug2018|x86.Build.0 = Debug|Win32
		{63199356-49FB-4A6E-9D73-0F0799171AA4}.MinSizeRel|x64.ActiveCfg = Release|x64
		{63199356-49FB-4A6E-9D73-0F0799171AA4}.MinSizeRel|x64.Build.0 = Release|x64
		{63199356-49FB-4A6E-9D73-0F0799171AA4}.MinSizeRel|x86.ActiveCfg = Release|Win32
		{63199356-49FB-4A6E-9D73-0F0799171AA4}.MinSizeRel|x86.Build.0 = Release|Win32
		{63199356-49FB-4A6E-9D73-0F0799171AA4}.Release|x64.ActiveCfg = Release|x64
		{63199356-49FB-4A6E-9D73-0F0799171AA4}.Release|x64.Build.0 = Release|x64
		{63199356-49FB-4A6E-9D73-0F0799171AA4}.Release|x86.ActiveCfg = Release|Win32
		{63199356-49FB-4A6E-9D73-0F0799171AA4}.Release|x86.Build.0 = Release|Win32
		{63199356-49FB-4A6E-9D73-0F0799171AA4}.Release2017|x64.ActiveCfg = Release2017|x64
		{63199356-49FB-4A6E-9D73-0F0799171AA4}.Release2017|x64.Build.0 = Release2017|x64
		{63199356-49FB-4A6E-9D73-0F0799171AA4}.Release2017|x86.ActiveCfg = Release|Win32
		{63199356-49FB-4A6E-9D73-0F0799171AA4}.Release2017|x86.Build.0 = Release|Win32
		{63199356-49FB-4A6E-9D73-0F0799171AA4}.Release2018|x64.ActiveCfg = Release2018|x64
		{63199356-49FB-4A6E-9D73-0F0799171AA4}.Release2018|x64.Build.0 = Release2018|x64
		{63199356-49FB-4A6E-9D73-0F0799171AA4}.Release2018|x86.ActiveCfg = Release|Win32
		{63199356-49FB-4A6E-9D73-0F0799171AA4}.Release2018|x86.Build.0 = Release|Win32
		{63199356-49FB-4A6E-9D73-0F0799171AA4}.ReleaseDebug|x64.ActiveCfg = Release|x64
		{63199356-49FB-4A6E-9D73-0F0799171AA4}.ReleaseDebug|x64.Build.0 = Release|x64
		{63199356-49FB-4A6E-9D73-0F0799171AA4}.ReleaseDebug|x86.ActiveCfg = Release|Win32
		{63199356-49FB-4A6E-9D73-0F0799171AA4}.ReleaseDebug|x86.Build.0 = Release|Win32
		{63199356-49FB-4A6E-9D73-0F0799171AA4}.RelWithDebInfo|x64.ActiveCfg = Release|x64
		{63199356-49FB-4A6E-9D73-0F0799171AA4}.RelWithDebInfo|x64.Build.0 = Release|x64
		{63199356-49FB-4A6E-9D73-0F0799171AA4}.RelWithDebInfo|x86.ActiveCfg = Release|Win32
		{63199356-49FB-4A6E-9D73-0F0799171AA4}.RelWithDebInfo|x86.Build.0 = Release|Win32
	EndGlobalSection
	GlobalSection(SolutionProperties) = preSolution
		HideSolutionNode = FALSE
	EndGlobalSection
	GlobalSection(ExtensibilityGlobals) = postSolution
		SolutionGuid = {EF36DB1B-2193-4DE1-99B1-B6FB019128C3}
	EndGlobalSection
EndGlobal
